
Microsoft Visual Studio Solution File, Format Version 12.00
Project("{FAE04EC0-301F-11D3-BF4B-00C04F79EFBC}") = "challengeDay2", "challengeDay2\challengeDay2.csproj", "{C257E50B-C301-4C83-8B1D-EA6163FC9C3D}"
EndProject
Global
	GlobalSection(SolutionConfigurationPlatforms) = preSolution
		Debug|Any CPU = Debug|Any CPU
		Release|Any CPU = Release|Any CPU
	EndGlobalSection
	GlobalSection(ProjectConfigurationPlatforms) = postSolution
		{C257E50B-C301-4C83-8B1D-EA6163FC9C3D}.Debug|Any CPU.ActiveCfg = Debug|Any CPU
		{C257E50B-C301-4C83-8B1D-EA6163FC9C3D}.Debug|Any CPU.Build.0 = Debug|Any CPU
		{C257E50B-C301-4C83-8B1D-EA6163FC9C3D}.Release|Any CPU.ActiveCfg = Release|Any CPU
		{C257E50B-C301-4C83-8B1D-EA6163FC9C3D}.Release|Any CPU.Build.0 = Release|Any CPU
	EndGlobalSection
EndGlobal
